
Microsoft Visual Studio Solution File, Format Version 12.00
# Visual Studio 2012
Project("{8BC9CEB8-8B4A-11D0-8D11-00A0C91BC942}") = "CS580Project", "CS580Project\CS580Project.vcxproj", "{6D25B029-599F-4E62-BF07-D93E6F4FB28A}"
EndProject
Global
	GlobalSection(SolutionConfigurationPlatforms) = preSolution
		Debug|Win32 = Debug|Win32
		Release|Win32 = Release|Win32
	EndGlobalSection
	GlobalSection(ProjectConfigurationPlatforms) = postSolution
		{6D25B029-599F-4E62-BF07-D93E6F4FB28A}.Debug|Win32.ActiveCfg = Debug|Win32
		{6D25B029-599F-4E62-BF07-D93E6F4FB28A}.Debug|Win32.Build.0 = Debug|Win32
		{6D25B029-599F-4E62-BF07-D93E6F4FB28A}.Release|Win32.ActiveCfg = Release|Win32
		{6D25B029-599F-4E62-BF07-D93E6F4FB28A}.Release|Win32.Build.0 = Release|Win32
	EndGlobalSection
	GlobalSection(SolutionProperties) = preSolution
		HideSolutionNode = FALSE
	EndGlobalSection
EndGlobal
